
Microsoft Visual Studio Solution File, Format Version 12.00
# Visual Studio 15
VisualStudioVersion = 15.0.27703.2042
MinimumVisualStudioVersion = 10.0.40219.1
Project("{00D1A9C2-B5F0-4AF3-8072-F6C62B433612}") = "BrodzikDB", "BrodzikDB\BrodzikDB.sqlproj", "{D5CA51E9-CC9A-49DF-AF3E-BDADD3F65F22}"
EndProject
Global
	GlobalSection(SolutionConfigurationPlatforms) = preSolution
		Debug|Any CPU = Debug|Any CPU
		Release|Any CPU = Release|Any CPU
	EndGlobalSection
	GlobalSection(ProjectConfigurationPlatforms) = postSolution
		{D5CA51E9-CC9A-49DF-AF3E-BDADD3F65F22}.Debug|Any CPU.ActiveCfg = Debug|Any CPU
		{D5CA51E9-CC9A-49DF-AF3E-BDADD3F65F22}.Debug|Any CPU.Build.0 = Debug|Any CPU
		{D5CA51E9-CC9A-49DF-AF3E-BDADD3F65F22}.Debug|Any CPU.Deploy.0 = Debug|Any CPU
		{D5CA51E9-CC9A-49DF-AF3E-BDADD3F65F22}.Release|Any CPU.ActiveCfg = Release|Any CPU
		{D5CA51E9-CC9A-49DF-AF3E-BDADD3F65F22}.Release|Any CPU.Build.0 = Release|Any CPU
		{D5CA51E9-CC9A-49DF-AF3E-BDADD3F65F22}.Release|Any CPU.Deploy.0 = Release|Any CPU
	EndGlobalSection
	GlobalSection(SolutionProperties) = preSolution
		HideSolutionNode = FALSE
	EndGlobalSection
	GlobalSection(ExtensibilityGlobals) = postSolution
		SolutionGuid = {09CFB7B7-F10C-4AE2-87D0-5B7F281D2A4E}
	EndGlobalSection
EndGlobal
